
Microsoft Visual Studio Solution File, Format Version 12.00
# Visual Studio 15
VisualStudioVersion = 15.0.27703.2035
MinimumVisualStudioVersion = 10.0.40219.1
Project("{FAE04EC0-301F-11D3-BF4B-00C04F79EFBC}") = "Asg10", "Asg10.csproj", "{AFCE010A-FBE4-4FE5-A749-C5F393B54C2E}"
EndProject
Global
	GlobalSection(SolutionConfigurationPlatforms) = preSolution
		Debug|Any CPU = Debug|Any CPU
		Release|Any CPU = Release|Any CPU
	EndGlobalSection
	GlobalSection(ProjectConfigurationPlatforms) = postSolution
		{AFCE010A-FBE4-4FE5-A749-C5F393B54C2E}.Debug|Any CPU.ActiveCfg = Debug|Any CPU
		{AFCE010A-FBE4-4FE5-A749-C5F393B54C2E}.Debug|Any CPU.Build.0 = Debug|Any CPU
		{AFCE010A-FBE4-4FE5-A749-C5F393B54C2E}.Release|Any CPU.ActiveCfg = Release|Any CPU
		{AFCE010A-FBE4-4FE5-A749-C5F393B54C2E}.Release|Any CPU.Build.0 = Release|Any CPU
	EndGlobalSection
	GlobalSection(SolutionProperties) = preSolution
		HideSolutionNode = FALSE
	EndGlobalSection
	GlobalSection(ExtensibilityGlobals) = postSolution
		SolutionGuid = {6C96661B-D48E-4F82-8F37-BDB89F5B8F1D}
	EndGlobalSection
EndGlobal
